
Microsoft Visual Studio Solution File, Format Version 11.00
# Visual Studio 2010
Project("{FAE04EC0-301F-11D3-BF4B-00C04F79EFBC}") = "BSQH_Csharp_Library", "BSQH_Csharp_Library\BSQH_Csharp_Library.csproj", "{4A9930D5-0295-41B9-9159-7660F40C1AFC}"
EndProject
Global
	GlobalSection(SolutionConfigurationPlatforms) = preSolution
		Debug|Any CPU = Debug|Any CPU
		Release|Any CPU = Release|Any CPU
	EndGlobalSection
	GlobalSection(ProjectConfigurationPlatforms) = postSolution
		{4A9930D5-0295-41B9-9159-7660F40C1AFC}.Debug|Any CPU.ActiveCfg = Debug|Any CPU
		{4A9930D5-0295-41B9-9159-7660F40C1AFC}.Debug|Any CPU.Build.0 = Debug|Any CPU
		{4A9930D5-0295-41B9-9159-7660F40C1AFC}.Release|Any CPU.ActiveCfg = Release|Any CPU
		{4A9930D5-0295-41B9-9159-7660F40C1AFC}.Release|Any CPU.Build.0 = Release|Any CPU
	EndGlobalSection
	GlobalSection(SolutionProperties) = preSolution
		HideSolutionNode = FALSE
	EndGlobalSection
EndGlobal
